Microsoft Visual Studio Solution File, Format Version 12.00
# Visual Studio Version 17
VisualStudioVersion = 17.5.2.0
MinimumVisualStudioVersion = 10.0.40219.1
Project("{2150E333-8FDC-42A3-9474-1A3956D46DE8}") = "services", "services", "{5854FF58-B8C5-05C6-5BF2-ACE42193F22B}"
EndProject
Project("{FAE04EC0-301F-11D3-BF4B-00C04F79EFBC}") = "AuthService", "services\AuthService\AuthService.csproj", "{16FD9863-A745-7DF3-D0FD-B69A0BD39998}"
EndProject
Project("{FAE04EC0-301F-11D3-BF4B-00C04F79EFBC}") = "NewsFeedService", "services\NewsFeedService\NewsFeedService.csproj", "{DF924F83-A697-02D1-DB30-8D2086D4DB4D}"
EndProject
Project("{FAE04EC0-301F-11D3-BF4B-00C04F79EFBC}") = "PostService", "services\PostService\PostService.csproj", "{BFFA46C5-E8F9-7116-F4DE-6A7032D80A3F}"
EndProject
Project("{FAE04EC0-301F-11D3-BF4B-00C04F79EFBC}") = "UserService", "services\UserService\UserService.csproj", "{E777043B-5FD4-D045-9BB6-D22CDFDC022F}"
EndProject
Global
	GlobalSection(SolutionConfigurationPlatforms) = preSolution
		Debug|Any CPU = Debug|Any CPU
		Release|Any CPU = Release|Any CPU
	EndGlobalSection
	GlobalSection(ProjectConfigurationPlatforms) = postSolution
		{16FD9863-A745-7DF3-D0FD-B69A0BD39998}.Debug|Any CPU.ActiveCfg = Debug|Any CPU
		{16FD9863-A745-7DF3-D0FD-B69A0BD39998}.Debug|Any CPU.Build.0 = Debug|Any CPU
		{16FD9863-A745-7DF3-D0FD-B69A0BD39998}.Release|Any CPU.ActiveCfg = Release|Any CPU
		{16FD9863-A745-7DF3-D0FD-B69A0BD39998}.Release|Any CPU.Build.0 = Release|Any CPU
		{DF924F83-A697-02D1-DB30-8D2086D4DB4D}.Debug|Any CPU.ActiveCfg = Debug|Any CPU
		{DF924F83-A697-02D1-DB30-8D2086D4DB4D}.Debug|Any CPU.Build.0 = Debug|Any CPU
		{DF924F83-A697-02D1-DB30-8D2086D4DB4D}.Release|Any CPU.ActiveCfg = Release|Any CPU
		{DF924F83-A697-02D1-DB30-8D2086D4DB4D}.Release|Any CPU.Build.0 = Release|Any CPU
		{BFFA46C5-E8F9-7116-F4DE-6A7032D80A3F}.Debug|Any CPU.ActiveCfg = Debug|Any CPU
		{BFFA46C5-E8F9-7116-F4DE-6A7032D80A3F}.Debug|Any CPU.Build.0 = Debug|Any CPU
		{BFFA46C5-E8F9-7116-F4DE-6A7032D80A3F}.Release|Any CPU.ActiveCfg = Release|Any CPU
		{BFFA46C5-E8F9-7116-F4DE-6A7032D80A3F}.Release|Any CPU.Build.0 = Release|Any CPU
		{E777043B-5FD4-D045-9BB6-D22CDFDC022F}.Debug|Any CPU.ActiveCfg = Debug|Any CPU
		{E777043B-5FD4-D045-9BB6-D22CDFDC022F}.Debug|Any CPU.Build.0 = Debug|Any CPU
		{E777043B-5FD4-D045-9BB6-D22CDFDC022F}.Release|Any CPU.ActiveCfg = Release|Any CPU
		{E777043B-5FD4-D045-9BB6-D22CDFDC022F}.Release|Any CPU.Build.0 = Release|Any CPU
	EndGlobalSection
	GlobalSection(SolutionProperties) = preSolution
		HideSolutionNode = FALSE
	EndGlobalSection
	GlobalSection(NestedProjects) = preSolution
		{16FD9863-A745-7DF3-D0FD-B69A0BD39998} = {5854FF58-B8C5-05C6-5BF2-ACE42193F22B}
		{DF924F83-A697-02D1-DB30-8D2086D4DB4D} = {5854FF58-B8C5-05C6-5BF2-ACE42193F22B}
		{BFFA46C5-E8F9-7116-F4DE-6A7032D80A3F} = {5854FF58-B8C5-05C6-5BF2-ACE42193F22B}
		{E777043B-5FD4-D045-9BB6-D22CDFDC022F} = {5854FF58-B8C5-05C6-5BF2-ACE42193F22B}
	EndGlobalSection
	GlobalSection(ExtensibilityGlobals) = postSolution
		SolutionGuid = {215BAD90-C215-483B-9872-A5FA0A1B05F0}
	EndGlobalSection
EndGlobal
