
Microsoft Visual Studio Solution File, Format Version 12.00
# Visual Studio Version 17
VisualStudioVersion = 17.5.2.0
MinimumVisualStudioVersion = 10.0.40219.1
Project("{2150E333-8FDC-42A3-9474-1A3956D46DE8}") = "gateway", "gateway", "{E7BDDBC6-9FD1-D1D7-ACD8-2C4F8E3D2461}"
EndProject
Project("{2150E333-8FDC-42A3-9474-1A3956D46DE8}") = "services", "services", "{5854FF58-B8C5-05C6-5BF2-ACE42193F22B}"
EndProject
Project("{FAE04EC0-301F-11D3-BF4B-00C04F79EFBC}") = "ApiGateway", "gateway\ApiGateway\ApiGateway.csproj", "{99C27881-4371-A20A-3390-69632B7DCEFD}"
EndProject
Project("{FAE04EC0-301F-11D3-BF4B-00C04F79EFBC}") = "AuthService", "services\AuthService\AuthService.csproj", "{16FD9863-A745-7DF3-D0FD-B69A0BD39998}"
EndProject
Project("{FAE04EC0-301F-11D3-BF4B-00C04F79EFBC}") = "ChatService", "services\ChatService\ChatService.csproj", "{ABA57B4A-D9DA-3E59-6A10-5DF568D821F3}"
EndProject
Project("{FAE04EC0-301F-11D3-BF4B-00C04F79EFBC}") = "RecommendPostService", "services\RecommendPostService\RecommendPostService.csproj", "{81B88B3E-1A9D-8D96-7945-3F771EA212B9}"
EndProject
Project("{FAE04EC0-301F-11D3-BF4B-00C04F79EFBC}") = "UserService", "services\UserService\UserService.csproj", "{E777043B-5FD4-D045-9BB6-D22CDFDC022F}"
EndProject
Project("{2150E333-8FDC-42A3-9474-1A3956D46DE8}") = "tests", "tests", "{0AB3BF05-4346-4AA6-1389-037BE0695223}"
EndProject
Project("{FAE04EC0-301F-11D3-BF4B-00C04F79EFBC}") = "The-Blog-Project.Tests", "tests\The-Blog-Project.Tests\The-Blog-Project.Tests.csproj", "{37406D94-CBF8-4E5B-9C0D-4CB0C25A5E76}"
EndProject
Project("{2150E333-8FDC-42A3-9474-1A3956D46DE8}") = "shared", "shared", "{4F52FD11-658E-A102-6CD3-7D7C16FFA15B}"
EndProject
Project("{FAE04EC0-301F-11D3-BF4B-00C04F79EFBC}") = "TheBlog.Shared", "shared\TheBlog.Shared\TheBlog.Shared.csproj", "{5E896AF9-9C12-4627-96A3-127375634899}"
EndProject
Global
	GlobalSection(SolutionConfigurationPlatforms) = preSolution
		Debug|Any CPU = Debug|Any CPU
		Debug|x64 = Debug|x64
		Debug|x86 = Debug|x86
		Release|Any CPU = Release|Any CPU
		Release|x64 = Release|x64
		Release|x86 = Release|x86
	EndGlobalSection
	GlobalSection(ProjectConfigurationPlatforms) = postSolution
		{99C27881-4371-A20A-3390-69632B7DCEFD}.Debug|Any CPU.ActiveCfg = Debug|Any CPU
		{99C27881-4371-A20A-3390-69632B7DCEFD}.Debug|Any CPU.Build.0 = Debug|Any CPU
		{99C27881-4371-A20A-3390-69632B7DCEFD}.Debug|x64.ActiveCfg = Debug|Any CPU
		{99C27881-4371-A20A-3390-69632B7DCEFD}.Debug|x64.Build.0 = Debug|Any CPU
		{99C27881-4371-A20A-3390-69632B7DCEFD}.Debug|x86.ActiveCfg = Debug|Any CPU
		{99C27881-4371-A20A-3390-69632B7DCEFD}.Debug|x86.Build.0 = Debug|Any CPU
		{99C27881-4371-A20A-3390-69632B7DCEFD}.Release|Any CPU.ActiveCfg = Release|Any CPU
		{99C27881-4371-A20A-3390-69632B7DCEFD}.Release|Any CPU.Build.0 = Release|Any CPU
		{99C27881-4371-A20A-3390-69632B7DCEFD}.Release|x64.ActiveCfg = Release|Any CPU
		{99C27881-4371-A20A-3390-69632B7DCEFD}.Release|x64.Build.0 = Release|Any CPU
		{99C27881-4371-A20A-3390-69632B7DCEFD}.Release|x86.ActiveCfg = Release|Any CPU
		{99C27881-4371-A20A-3390-69632B7DCEFD}.Release|x86.Build.0 = Release|Any CPU
		{16FD9863-A745-7DF3-D0FD-B69A0BD39998}.Debug|Any CPU.ActiveCfg = Debug|Any CPU
		{16FD9863-A745-7DF3-D0FD-B69A0BD39998}.Debug|Any CPU.Build.0 = Debug|Any CPU
		{16FD9863-A745-7DF3-D0FD-B69A0BD39998}.Debug|x64.ActiveCfg = Debug|Any CPU
		{16FD9863-A745-7DF3-D0FD-B69A0BD39998}.Debug|x64.Build.0 = Debug|Any CPU
		{16FD9863-A745-7DF3-D0FD-B69A0BD39998}.Debug|x86.ActiveCfg = Debug|Any CPU
		{16FD9863-A745-7DF3-D0FD-B69A0BD39998}.Debug|x86.Build.0 = Debug|Any CPU
		{16FD9863-A745-7DF3-D0FD-B69A0BD39998}.Release|Any CPU.ActiveCfg = Release|Any CPU
		{16FD9863-A745-7DF3-D0FD-B69A0BD39998}.Release|Any CPU.Build.0 = Release|Any CPU
		{16FD9863-A745-7DF3-D0FD-B69A0BD39998}.Release|x64.ActiveCfg = Release|Any CPU
		{16FD9863-A745-7DF3-D0FD-B69A0BD39998}.Release|x64.Build.0 = Release|Any CPU
		{16FD9863-A745-7DF3-D0FD-B69A0BD39998}.Release|x86.ActiveCfg = Release|Any CPU
		{16FD9863-A745-7DF3-D0FD-B69A0BD39998}.Release|x86.Build.0 = Release|Any CPU
		{ABA57B4A-D9DA-3E59-6A10-5DF568D821F3}.Debug|Any CPU.ActiveCfg = Debug|Any CPU
		{ABA57B4A-D9DA-3E59-6A10-5DF568D821F3}.Debug|Any CPU.Build.0 = Debug|Any CPU
		{ABA57B4A-D9DA-3E59-6A10-5DF568D821F3}.Debug|x64.ActiveCfg = Debug|Any CPU
		{ABA57B4A-D9DA-3E59-6A10-5DF568D821F3}.Debug|x64.Build.0 = Debug|Any CPU
		{ABA57B4A-D9DA-3E59-6A10-5DF568D821F3}.Debug|x86.ActiveCfg = Debug|Any CPU
		{ABA57B4A-D9DA-3E59-6A10-5DF568D821F3}.Debug|x86.Build.0 = Debug|Any CPU
		{ABA57B4A-D9DA-3E59-6A10-5DF568D821F3}.Release|Any CPU.ActiveCfg = Release|Any CPU
		{ABA57B4A-D9DA-3E59-6A10-5DF568D821F3}.Release|Any CPU.Build.0 = Release|Any CPU
		{ABA57B4A-D9DA-3E59-6A10-5DF568D821F3}.Release|x64.ActiveCfg = Release|Any CPU
		{ABA57B4A-D9DA-3E59-6A10-5DF568D821F3}.Release|x64.Build.0 = Release|Any CPU
		{ABA57B4A-D9DA-3E59-6A10-5DF568D821F3}.Release|x86.ActiveCfg = Release|Any CPU
		{ABA57B4A-D9DA-3E59-6A10-5DF568D821F3}.Release|x86.Build.0 = Release|Any CPU
		{81B88B3E-1A9D-8D96-7945-3F771EA212B9}.Debug|Any CPU.ActiveCfg = Debug|Any CPU
		{81B88B3E-1A9D-8D96-7945-3F771EA212B9}.Debug|Any CPU.Build.0 = Debug|Any CPU
		{81B88B3E-1A9D-8D96-7945-3F771EA212B9}.Debug|x64.ActiveCfg = Debug|Any CPU
		{81B88B3E-1A9D-8D96-7945-3F771EA212B9}.Debug|x64.Build.0 = Debug|Any CPU
		{81B88B3E-1A9D-8D96-7945-3F771EA212B9}.Debug|x86.ActiveCfg = Debug|Any CPU
		{81B88B3E-1A9D-8D96-7945-3F771EA212B9}.Debug|x86.Build.0 = Debug|Any CPU
		{81B88B3E-1A9D-8D96-7945-3F771EA212B9}.Release|Any CPU.ActiveCfg = Release|Any CPU
		{81B88B3E-1A9D-8D96-7945-3F771EA212B9}.Release|Any CPU.Build.0 = Release|Any CPU
		{81B88B3E-1A9D-8D96-7945-3F771EA212B9}.Release|x64.ActiveCfg = Release|Any CPU
		{81B88B3E-1A9D-8D96-7945-3F771EA212B9}.Release|x64.Build.0 = Release|Any CPU
		{81B88B3E-1A9D-8D96-7945-3F771EA212B9}.Release|x86.ActiveCfg = Release|Any CPU
		{81B88B3E-1A9D-8D96-7945-3F771EA212B9}.Release|x86.Build.0 = Release|Any CPU
		{E777043B-5FD4-D045-9BB6-D22CDFDC022F}.Debug|Any CPU.ActiveCfg = Debug|Any CPU
		{E777043B-5FD4-D045-9BB6-D22CDFDC022F}.Debug|Any CPU.Build.0 = Debug|Any CPU
		{E777043B-5FD4-D045-9BB6-D22CDFDC022F}.Debug|x64.ActiveCfg = Debug|Any CPU
		{E777043B-5FD4-D045-9BB6-D22CDFDC022F}.Debug|x64.Build.0 = Debug|Any CPU
		{E777043B-5FD4-D045-9BB6-D22CDFDC022F}.Debug|x86.ActiveCfg = Debug|Any CPU
		{E777043B-5FD4-D045-9BB6-D22CDFDC022F}.Debug|x86.Build.0 = Debug|Any CPU
		{E777043B-5FD4-D045-9BB6-D22CDFDC022F}.Release|Any CPU.ActiveCfg = Release|Any CPU
		{E777043B-5FD4-D045-9BB6-D22CDFDC022F}.Release|Any CPU.Build.0 = Release|Any CPU
		{E777043B-5FD4-D045-9BB6-D22CDFDC022F}.Release|x64.ActiveCfg = Release|Any CPU
		{E777043B-5FD4-D045-9BB6-D22CDFDC022F}.Release|x64.Build.0 = Release|Any CPU
		{E777043B-5FD4-D045-9BB6-D22CDFDC022F}.Release|x86.ActiveCfg = Release|Any CPU
		{E777043B-5FD4-D045-9BB6-D22CDFDC022F}.Release|x86.Build.0 = Release|Any CPU
		{37406D94-CBF8-4E5B-9C0D-4CB0C25A5E76}.Debug|Any CPU.ActiveCfg = Debug|Any CPU
		{37406D94-CBF8-4E5B-9C0D-4CB0C25A5E76}.Debug|Any CPU.Build.0 = Debug|Any CPU
		{37406D94-CBF8-4E5B-9C0D-4CB0C25A5E76}.Debug|x64.ActiveCfg = Debug|Any CPU
		{37406D94-CBF8-4E5B-9C0D-4CB0C25A5E76}.Debug|x64.Build.0 = Debug|Any CPU
		{37406D94-CBF8-4E5B-9C0D-4CB0C25A5E76}.Debug|x86.ActiveCfg = Debug|Any CPU
		{37406D94-CBF8-4E5B-9C0D-4CB0C25A5E76}.Debug|x86.Build.0 = Debug|Any CPU
		{37406D94-CBF8-4E5B-9C0D-4CB0C25A5E76}.Release|Any CPU.ActiveCfg = Release|Any CPU
		{37406D94-CBF8-4E5B-9C0D-4CB0C25A5E76}.Release|Any CPU.Build.0 = Release|Any CPU
		{37406D94-CBF8-4E5B-9C0D-4CB0C25A5E76}.Release|x64.ActiveCfg = Release|Any CPU
		{37406D94-CBF8-4E5B-9C0D-4CB0C25A5E76}.Release|x64.Build.0 = Release|Any CPU
		{37406D94-CBF8-4E5B-9C0D-4CB0C25A5E76}.Release|x86.ActiveCfg = Release|Any CPU
		{37406D94-CBF8-4E5B-9C0D-4CB0C25A5E76}.Release|x86.Build.0 = Release|Any CPU
		{5E896AF9-9C12-4627-96A3-127375634899}.Debug|Any CPU.ActiveCfg = Debug|Any CPU
		{5E896AF9-9C12-4627-96A3-127375634899}.Debug|Any CPU.Build.0 = Debug|Any CPU
		{5E896AF9-9C12-4627-96A3-127375634899}.Debug|x64.ActiveCfg = Debug|Any CPU
		{5E896AF9-9C12-4627-96A3-127375634899}.Debug|x64.Build.0 = Debug|Any CPU
		{5E896AF9-9C12-4627-96A3-127375634899}.Debug|x86.ActiveCfg = Debug|Any CPU
		{5E896AF9-9C12-4627-96A3-127375634899}.Debug|x86.Build.0 = Debug|Any CPU
		{5E896AF9-9C12-4627-96A3-127375634899}.Release|Any CPU.ActiveCfg = Release|Any CPU
		{5E896AF9-9C12-4627-96A3-127375634899}.Release|Any CPU.Build.0 = Release|Any CPU
		{5E896AF9-9C12-4627-96A3-127375634899}.Release|x64.ActiveCfg = Release|Any CPU
		{5E896AF9-9C12-4627-96A3-127375634899}.Release|x64.Build.0 = Release|Any CPU
		{5E896AF9-9C12-4627-96A3-127375634899}.Release|x86.ActiveCfg = Release|Any CPU
		{5E896AF9-9C12-4627-96A3-127375634899}.Release|x86.Build.0 = Release|Any CPU
	EndGlobalSection
	GlobalSection(SolutionProperties) = preSolution
		HideSolutionNode = FALSE
	EndGlobalSection
	GlobalSection(NestedProjects) = preSolution
		{99C27881-4371-A20A-3390-69632B7DCEFD} = {E7BDDBC6-9FD1-D1D7-ACD8-2C4F8E3D2461}
		{16FD9863-A745-7DF3-D0FD-B69A0BD39998} = {5854FF58-B8C5-05C6-5BF2-ACE42193F22B}
		{ABA57B4A-D9DA-3E59-6A10-5DF568D821F3} = {5854FF58-B8C5-05C6-5BF2-ACE42193F22B}
		{81B88B3E-1A9D-8D96-7945-3F771EA212B9} = {5854FF58-B8C5-05C6-5BF2-ACE42193F22B}
		{E777043B-5FD4-D045-9BB6-D22CDFDC022F} = {5854FF58-B8C5-05C6-5BF2-ACE42193F22B}
		{37406D94-CBF8-4E5B-9C0D-4CB0C25A5E76} = {0AB3BF05-4346-4AA6-1389-037BE0695223}
		{5E896AF9-9C12-4627-96A3-127375634899} = {4F52FD11-658E-A102-6CD3-7D7C16FFA15B}
	EndGlobalSection
	GlobalSection(ExtensibilityGlobals) = postSolution
		SolutionGuid = {92369997-C3A1-493F-8636-C8413BFE1572}
	EndGlobalSection
EndGlobal
